
Microsoft Visual Studio Solution File, Format Version 12.00
# Visual Studio 15
VisualStudioVersion = 15.0.28010.2003
MinimumVisualStudioVersion = 10.0.40219.1
Project("{FAE04EC0-301F-11D3-BF4B-00C04F79EFBC}") = "Amaguri.WPF", "Amaguri.WPF\Amaguri.WPF.csproj", "{BB9B0539-8084-4047-9335-CDDEF6B84A83}"
EndProject
Project("{C7167F0D-BC9F-4E6E-AFE1-012C56B48DB5}") = "Amaguri", "Amaguri\Amaguri.wapproj", "{6D7734AC-C567-4577-9065-067D29ADF81D}"
EndProject
Global
	GlobalSection(SolutionConfigurationPlatforms) = preSolution
		Debug|Any CPU = Debug|Any CPU
		Debug|x64 = Debug|x64
		Debug|x86 = Debug|x86
		Release|Any CPU = Release|Any CPU
		Release|x64 = Release|x64
		Release|x86 = Release|x86
	EndGlobalSection
	GlobalSection(ProjectConfigurationPlatforms) = postSolution
		{BB9B0539-8084-4047-9335-CDDEF6B84A83}.Debug|Any CPU.ActiveCfg = Debug|Any CPU
		{BB9B0539-8084-4047-9335-CDDEF6B84A83}.Debug|Any CPU.Build.0 = Debug|Any CPU
		{BB9B0539-8084-4047-9335-CDDEF6B84A83}.Debug|x64.ActiveCfg = Debug|Any CPU
		{BB9B0539-8084-4047-9335-CDDEF6B84A83}.Debug|x64.Build.0 = Debug|Any CPU
		{BB9B0539-8084-4047-9335-CDDEF6B84A83}.Debug|x86.ActiveCfg = Debug|Any CPU
		{BB9B0539-8084-4047-9335-CDDEF6B84A83}.Debug|x86.Build.0 = Debug|Any CPU
		{BB9B0539-8084-4047-9335-CDDEF6B84A83}.Release|Any CPU.ActiveCfg = Release|Any CPU
		{BB9B0539-8084-4047-9335-CDDEF6B84A83}.Release|Any CPU.Build.0 = Release|Any CPU
		{BB9B0539-8084-4047-9335-CDDEF6B84A83}.Release|x64.ActiveCfg = Release|Any CPU
		{BB9B0539-8084-4047-9335-CDDEF6B84A83}.Release|x64.Build.0 = Release|Any CPU
		{BB9B0539-8084-4047-9335-CDDEF6B84A83}.Release|x86.ActiveCfg = Release|Any CPU
		{BB9B0539-8084-4047-9335-CDDEF6B84A83}.Release|x86.Build.0 = Release|Any CPU
		{6D7734AC-C567-4577-9065-067D29ADF81D}.Debug|Any CPU.ActiveCfg = Debug|Any CPU
		{6D7734AC-C567-4577-9065-067D29ADF81D}.Debug|Any CPU.Build.0 = Debug|Any CPU
		{6D7734AC-C567-4577-9065-067D29ADF81D}.Debug|Any CPU.Deploy.0 = Debug|Any CPU
		{6D7734AC-C567-4577-9065-067D29ADF81D}.Debug|x64.ActiveCfg = Debug|x64
		{6D7734AC-C567-4577-9065-067D29ADF81D}.Debug|x64.Build.0 = Debug|x64
		{6D7734AC-C567-4577-9065-067D29ADF81D}.Debug|x64.Deploy.0 = Debug|x64
		{6D7734AC-C567-4577-9065-067D29ADF81D}.Debug|x86.ActiveCfg = Debug|x86
		{6D7734AC-C567-4577-9065-067D29ADF81D}.Debug|x86.Build.0 = Debug|x86
		{6D7734AC-C567-4577-9065-067D29ADF81D}.Debug|x86.Deploy.0 = Debug|x86
		{6D7734AC-C567-4577-9065-067D29ADF81D}.Release|Any CPU.ActiveCfg = Release|Any CPU
		{6D7734AC-C567-4577-9065-067D29ADF81D}.Release|Any CPU.Build.0 = Release|Any CPU
		{6D7734AC-C567-4577-9065-067D29ADF81D}.Release|Any CPU.Deploy.0 = Release|Any CPU
		{6D7734AC-C567-4577-9065-067D29ADF81D}.Release|x64.ActiveCfg = Release|x64
		{6D7734AC-C567-4577-9065-067D29ADF81D}.Release|x64.Build.0 = Release|x64
		{6D7734AC-C567-4577-9065-067D29ADF81D}.Release|x64.Deploy.0 = Release|x64
		{6D7734AC-C567-4577-9065-067D29ADF81D}.Release|x86.ActiveCfg = Release|x86
		{6D7734AC-C567-4577-9065-067D29ADF81D}.Release|x86.Build.0 = Release|x86
		{6D7734AC-C567-4577-9065-067D29ADF81D}.Release|x86.Deploy.0 = Release|x86
	EndGlobalSection
	GlobalSection(SolutionProperties) = preSolution
		HideSolutionNode = FALSE
	EndGlobalSection
	GlobalSection(ExtensibilityGlobals) = postSolution
		SolutionGuid = {CCD09067-2E14-4DA1-987C-A020B64BE8C6}
	EndGlobalSection
EndGlobal
